
Microsoft Visual Studio Solution File, Format Version 12.00
# Visual Studio Version 17
VisualStudioVersion = 17.8.34511.84
MinimumVisualStudioVersion = 10.0.40219.1
Project("{FAE04EC0-301F-11D3-BF4B-00C04F79EFBC}") = "4743_TranNhatAnhThuan_Buoi2", "4743_TranNhatAnhThuan_Buoi2\4743_TranNhatAnhThuan_Buoi2.csproj", "{CF40A41C-4EF7-4C0F-8913-F2F71B77D7D0}"
EndProject
Global
	GlobalSection(SolutionConfigurationPlatforms) = preSolution
		Debug|Any CPU = Debug|Any CPU
		Release|Any CPU = Release|Any CPU
	EndGlobalSection
	GlobalSection(ProjectConfigurationPlatforms) = postSolution
		{CF40A41C-4EF7-4C0F-8913-F2F71B77D7D0}.Debug|Any CPU.ActiveCfg = Debug|Any CPU
		{CF40A41C-4EF7-4C0F-8913-F2F71B77D7D0}.Debug|Any CPU.Build.0 = Debug|Any CPU
		{CF40A41C-4EF7-4C0F-8913-F2F71B77D7D0}.Release|Any CPU.ActiveCfg = Release|Any CPU
		{CF40A41C-4EF7-4C0F-8913-F2F71B77D7D0}.Release|Any CPU.Build.0 = Release|Any CPU
	EndGlobalSection
	GlobalSection(SolutionProperties) = preSolution
		HideSolutionNode = FALSE
	EndGlobalSection
	GlobalSection(ExtensibilityGlobals) = postSolution
		SolutionGuid = {AC27136E-DB63-465B-8875-8165C9289FBE}
	EndGlobalSection
EndGlobal
